
Microsoft Visual Studio Solution File, Format Version 12.00
# Visual Studio Version 17
VisualStudioVersion = 17.0.32112.339
MinimumVisualStudioVersion = 10.0.40219.1
Project("{FAE04EC0-301F-11D3-BF4B-00C04F79EFBC}") = "RootsPrescription", "RootsPrescription\RootsPrescription.csproj", "{400AD587-57F8-445E-9709-B85ABF89CFA0}"
EndProject
Global
	GlobalSection(SolutionConfigurationPlatforms) = preSolution
		Debug|Any CPU = Debug|Any CPU
		Release|Any CPU = Release|Any CPU
	EndGlobalSection
	GlobalSection(ProjectConfigurationPlatforms) = postSolution
		{400AD587-57F8-445E-9709-B85ABF89CFA0}.Debug|Any CPU.ActiveCfg = Debug|Any CPU
		{400AD587-57F8-445E-9709-B85ABF89CFA0}.Debug|Any CPU.Build.0 = Debug|Any CPU
		{400AD587-57F8-445E-9709-B85ABF89CFA0}.Release|Any CPU.ActiveCfg = Release|Any CPU
		{400AD587-57F8-445E-9709-B85ABF89CFA0}.Release|Any CPU.Build.0 = Release|Any CPU
	EndGlobalSection
	GlobalSection(SolutionProperties) = preSolution
		HideSolutionNode = FALSE
	EndGlobalSection
	GlobalSection(ExtensibilityGlobals) = postSolution
		SolutionGuid = {96B27F74-149C-4E25-A6D6-251458B7F4D2}
	EndGlobalSection
EndGlobal
